
Microsoft Visual Studio Solution File, Format Version 12.00
# Visual Studio Version 17
VisualStudioVersion = 17.6.33717.318
MinimumVisualStudioVersion = 10.0.40219.1
Project("{9A19103F-16F7-4668-BE54-9A1E7A4F7556}") = "AlphaSharp", "AlphaSharp\AlphaSharp.csproj", "{D69C0B17-5DC4-44DB-9A4A-2C0D9BEDB2B5}"
EndProject
Project("{9A19103F-16F7-4668-BE54-9A1E7A4F7556}") = "AlphaSharp.Test", "AlphaSharp.Test\AlphaSharp.Test.csproj", "{CE1F042A-FCDD-494F-A5C5-4ABC32A39397}"
EndProject
Project("{9A19103F-16F7-4668-BE54-9A1E7A4F7556}") = "TixyGameCmd", "TixyGameCmd\TixyGameCmd.csproj", "{EAEF2932-272E-4A24-AC9E-F6A0F8CF4300}"
EndProject
Project("{FAE04EC0-301F-11D3-BF4B-00C04F79EFBC}") = "TixyGame", "TixyGame\TixyGame.csproj", "{50050070-D490-4C90-8308-C292ED8FC2B9}"
EndProject
Project("{FAE04EC0-301F-11D3-BF4B-00C04F79EFBC}") = "TixyGame.Test", "TixyGame.Test\TixyGame.Test.csproj", "{5A213E03-C4C8-41A2-8797-2E22CC18AA84}"
EndProject
Global
	GlobalSection(SolutionConfigurationPlatforms) = preSolution
		Debug|Any CPU = Debug|Any CPU
		Release|Any CPU = Release|Any CPU
	EndGlobalSection
	GlobalSection(ProjectConfigurationPlatforms) = postSolution
		{D69C0B17-5DC4-44DB-9A4A-2C0D9BEDB2B5}.Debug|Any CPU.ActiveCfg = Debug|Any CPU
		{D69C0B17-5DC4-44DB-9A4A-2C0D9BEDB2B5}.Debug|Any CPU.Build.0 = Debug|Any CPU
		{D69C0B17-5DC4-44DB-9A4A-2C0D9BEDB2B5}.Release|Any CPU.ActiveCfg = Release|Any CPU
		{D69C0B17-5DC4-44DB-9A4A-2C0D9BEDB2B5}.Release|Any CPU.Build.0 = Release|Any CPU
		{CE1F042A-FCDD-494F-A5C5-4ABC32A39397}.Debug|Any CPU.ActiveCfg = Debug|Any CPU
		{CE1F042A-FCDD-494F-A5C5-4ABC32A39397}.Debug|Any CPU.Build.0 = Debug|Any CPU
		{CE1F042A-FCDD-494F-A5C5-4ABC32A39397}.Release|Any CPU.ActiveCfg = Release|Any CPU
		{CE1F042A-FCDD-494F-A5C5-4ABC32A39397}.Release|Any CPU.Build.0 = Release|Any CPU
		{EAEF2932-272E-4A24-AC9E-F6A0F8CF4300}.Debug|Any CPU.ActiveCfg = Debug|Any CPU
		{EAEF2932-272E-4A24-AC9E-F6A0F8CF4300}.Debug|Any CPU.Build.0 = Debug|Any CPU
		{EAEF2932-272E-4A24-AC9E-F6A0F8CF4300}.Release|Any CPU.ActiveCfg = Release|Any CPU
		{EAEF2932-272E-4A24-AC9E-F6A0F8CF4300}.Release|Any CPU.Build.0 = Release|Any CPU
		{50050070-D490-4C90-8308-C292ED8FC2B9}.Debug|Any CPU.ActiveCfg = Debug|Any CPU
		{50050070-D490-4C90-8308-C292ED8FC2B9}.Debug|Any CPU.Build.0 = Debug|Any CPU
		{50050070-D490-4C90-8308-C292ED8FC2B9}.Release|Any CPU.ActiveCfg = Release|Any CPU
		{50050070-D490-4C90-8308-C292ED8FC2B9}.Release|Any CPU.Build.0 = Release|Any CPU
		{5A213E03-C4C8-41A2-8797-2E22CC18AA84}.Debug|Any CPU.ActiveCfg = Debug|Any CPU
		{5A213E03-C4C8-41A2-8797-2E22CC18AA84}.Debug|Any CPU.Build.0 = Debug|Any CPU
		{5A213E03-C4C8-41A2-8797-2E22CC18AA84}.Release|Any CPU.ActiveCfg = Release|Any CPU
		{5A213E03-C4C8-41A2-8797-2E22CC18AA84}.Release|Any CPU.Build.0 = Release|Any CPU
	EndGlobalSection
	GlobalSection(SolutionProperties) = preSolution
		HideSolutionNode = FALSE
	EndGlobalSection
	GlobalSection(ExtensibilityGlobals) = postSolution
		SolutionGuid = {8227C336-4C60-491C-8D29-3F30908097AD}
	EndGlobalSection
EndGlobal
