
Microsoft Visual Studio Solution File, Format Version 12.00
# Visual Studio Version 17
VisualStudioVersion = 17.6.33717.318
MinimumVisualStudioVersion = 10.0.40219.1
Project("{9A19103F-16F7-4668-BE54-9A1E7A4F7556}") = "AlphaSharp", "AlphaSharp\AlphaSharp.csproj", "{D69C0B17-5DC4-44DB-9A4A-2C0D9BEDB2B5}"
EndProject
Project("{9A19103F-16F7-4668-BE54-9A1E7A4F7556}") = "AlphaSharp.Test", "AlphaSharp.Test\AlphaSharp.Test.csproj", "{CE1F042A-FCDD-494F-A5C5-4ABC32A39397}"
EndProject
Project("{9A19103F-16F7-4668-BE54-9A1E7A4F7556}") = "TixyGame", "Games\Tixy\TixyGame\TixyGame.csproj", "{3D8C8A7F-C2A6-42FE-A91F-E52D61876A3A}"
EndProject
Project("{9A19103F-16F7-4668-BE54-9A1E7A4F7556}") = "TixyGame.Test", "Games\Tixy\TixyGame.Test\TixyGame.Test.csproj", "{0D1A3B77-7FAA-4D6D-8467-2C7B467F7D08}"
EndProject
Project("{2150E333-8FDC-42A3-9474-1A3956D46DE8}") = "Games", "Games", "{2E3B07A1-A0FB-4FBE-BA56-0E4F664B3081}"
EndProject
Project("{2150E333-8FDC-42A3-9474-1A3956D46DE8}") = "Tixy", "Tixy", "{972A567C-6C9A-452B-8250-64F5B1F81957}"
EndProject
Project("{2150E333-8FDC-42A3-9474-1A3956D46DE8}") = "TicTacToe", "TicTacToe", "{3818A4E1-C6B9-46A1-847E-CBE7671439AF}"
EndProject
Project("{9A19103F-16F7-4668-BE54-9A1E7A4F7556}") = "TixyVsHuman", "Games\Tixy\TixyVsHuman\TixyVsHuman.csproj", "{3827B1B7-6B80-49FD-87A0-B030BEFF8632}"
EndProject
Project("{9A19103F-16F7-4668-BE54-9A1E7A4F7556}") = "TicTacToeTraining", "Games\TicTacToe\TicTacToeTraining\TicTacToeTraining.csproj", "{E5B15B20-E1D9-4071-AD73-BE93DE58E8B6}"
EndProject
Project("{9A19103F-16F7-4668-BE54-9A1E7A4F7556}") = "TicTacToeGame", "Games\TicTacToe\TicTacToeGame\TicTacToeGame.csproj", "{919E06E8-CCFC-4C91-B78A-24DDAD74057C}"
EndProject
Project("{9A19103F-16F7-4668-BE54-9A1E7A4F7556}") = "TixyTraining", "Games\Tixy\TixyTraining\TixyTraining.csproj", "{7DDBB898-61FA-488B-8A2E-1636D50A6095}"
EndProject
Project("{9A19103F-16F7-4668-BE54-9A1E7A4F7556}") = "TicTacToeVsHuman", "Games\TicTacToe\TicTacToeVsHuman\TicTacToeVsHuman.csproj", "{919206F6-3A06-4A5D-9656-6EE9FE78AF45}"
EndProject
Project("{2150E333-8FDC-42A3-9474-1A3956D46DE8}") = "FakeGame", "FakeGame", "{357A223E-FD9D-4CE3-A8D2-A0333BF79F10}"
EndProject
Project("{FAE04EC0-301F-11D3-BF4B-00C04F79EFBC}") = "FakeGame", "Games\FakeGame\FakeGame\FakeGame.csproj", "{0EC12FBC-FDD7-4AF5-BE77-7FB0927AD67C}"
EndProject
Global
	GlobalSection(SolutionConfigurationPlatforms) = preSolution
		Debug|Any CPU = Debug|Any CPU
		Release|Any CPU = Release|Any CPU
	EndGlobalSection
	GlobalSection(ProjectConfigurationPlatforms) = postSolution
		{D69C0B17-5DC4-44DB-9A4A-2C0D9BEDB2B5}.Debug|Any CPU.ActiveCfg = Debug|Any CPU
		{D69C0B17-5DC4-44DB-9A4A-2C0D9BEDB2B5}.Debug|Any CPU.Build.0 = Debug|Any CPU
		{D69C0B17-5DC4-44DB-9A4A-2C0D9BEDB2B5}.Release|Any CPU.ActiveCfg = Release|Any CPU
		{D69C0B17-5DC4-44DB-9A4A-2C0D9BEDB2B5}.Release|Any CPU.Build.0 = Release|Any CPU
		{CE1F042A-FCDD-494F-A5C5-4ABC32A39397}.Debug|Any CPU.ActiveCfg = Debug|Any CPU
		{CE1F042A-FCDD-494F-A5C5-4ABC32A39397}.Debug|Any CPU.Build.0 = Debug|Any CPU
		{CE1F042A-FCDD-494F-A5C5-4ABC32A39397}.Release|Any CPU.ActiveCfg = Release|Any CPU
		{CE1F042A-FCDD-494F-A5C5-4ABC32A39397}.Release|Any CPU.Build.0 = Release|Any CPU
		{3D8C8A7F-C2A6-42FE-A91F-E52D61876A3A}.Debug|Any CPU.ActiveCfg = Debug|Any CPU
		{3D8C8A7F-C2A6-42FE-A91F-E52D61876A3A}.Debug|Any CPU.Build.0 = Debug|Any CPU
		{3D8C8A7F-C2A6-42FE-A91F-E52D61876A3A}.Release|Any CPU.ActiveCfg = Release|Any CPU
		{3D8C8A7F-C2A6-42FE-A91F-E52D61876A3A}.Release|Any CPU.Build.0 = Release|Any CPU
		{0D1A3B77-7FAA-4D6D-8467-2C7B467F7D08}.Debug|Any CPU.ActiveCfg = Debug|Any CPU
		{0D1A3B77-7FAA-4D6D-8467-2C7B467F7D08}.Debug|Any CPU.Build.0 = Debug|Any CPU
		{0D1A3B77-7FAA-4D6D-8467-2C7B467F7D08}.Release|Any CPU.ActiveCfg = Release|Any CPU
		{0D1A3B77-7FAA-4D6D-8467-2C7B467F7D08}.Release|Any CPU.Build.0 = Release|Any CPU
		{3827B1B7-6B80-49FD-87A0-B030BEFF8632}.Debug|Any CPU.ActiveCfg = Debug|Any CPU
		{3827B1B7-6B80-49FD-87A0-B030BEFF8632}.Debug|Any CPU.Build.0 = Debug|Any CPU
		{3827B1B7-6B80-49FD-87A0-B030BEFF8632}.Release|Any CPU.ActiveCfg = Release|Any CPU
		{3827B1B7-6B80-49FD-87A0-B030BEFF8632}.Release|Any CPU.Build.0 = Release|Any CPU
		{E5B15B20-E1D9-4071-AD73-BE93DE58E8B6}.Debug|Any CPU.ActiveCfg = Debug|Any CPU
		{E5B15B20-E1D9-4071-AD73-BE93DE58E8B6}.Debug|Any CPU.Build.0 = Debug|Any CPU
		{E5B15B20-E1D9-4071-AD73-BE93DE58E8B6}.Release|Any CPU.ActiveCfg = Release|Any CPU
		{E5B15B20-E1D9-4071-AD73-BE93DE58E8B6}.Release|Any CPU.Build.0 = Release|Any CPU
		{919E06E8-CCFC-4C91-B78A-24DDAD74057C}.Debug|Any CPU.ActiveCfg = Debug|Any CPU
		{919E06E8-CCFC-4C91-B78A-24DDAD74057C}.Debug|Any CPU.Build.0 = Debug|Any CPU
		{919E06E8-CCFC-4C91-B78A-24DDAD74057C}.Release|Any CPU.ActiveCfg = Release|Any CPU
		{919E06E8-CCFC-4C91-B78A-24DDAD74057C}.Release|Any CPU.Build.0 = Release|Any CPU
		{7DDBB898-61FA-488B-8A2E-1636D50A6095}.Debug|Any CPU.ActiveCfg = Debug|Any CPU
		{7DDBB898-61FA-488B-8A2E-1636D50A6095}.Debug|Any CPU.Build.0 = Debug|Any CPU
		{7DDBB898-61FA-488B-8A2E-1636D50A6095}.Release|Any CPU.ActiveCfg = Release|Any CPU
		{7DDBB898-61FA-488B-8A2E-1636D50A6095}.Release|Any CPU.Build.0 = Release|Any CPU
		{919206F6-3A06-4A5D-9656-6EE9FE78AF45}.Debug|Any CPU.ActiveCfg = Debug|Any CPU
		{919206F6-3A06-4A5D-9656-6EE9FE78AF45}.Debug|Any CPU.Build.0 = Debug|Any CPU
		{919206F6-3A06-4A5D-9656-6EE9FE78AF45}.Release|Any CPU.ActiveCfg = Release|Any CPU
		{919206F6-3A06-4A5D-9656-6EE9FE78AF45}.Release|Any CPU.Build.0 = Release|Any CPU
		{0EC12FBC-FDD7-4AF5-BE77-7FB0927AD67C}.Debug|Any CPU.ActiveCfg = Debug|Any CPU
		{0EC12FBC-FDD7-4AF5-BE77-7FB0927AD67C}.Debug|Any CPU.Build.0 = Debug|Any CPU
		{0EC12FBC-FDD7-4AF5-BE77-7FB0927AD67C}.Release|Any CPU.ActiveCfg = Release|Any CPU
		{0EC12FBC-FDD7-4AF5-BE77-7FB0927AD67C}.Release|Any CPU.Build.0 = Release|Any CPU
	EndGlobalSection
	GlobalSection(SolutionProperties) = preSolution
		HideSolutionNode = FALSE
	EndGlobalSection
	GlobalSection(NestedProjects) = preSolution
		{3D8C8A7F-C2A6-42FE-A91F-E52D61876A3A} = {972A567C-6C9A-452B-8250-64F5B1F81957}
		{0D1A3B77-7FAA-4D6D-8467-2C7B467F7D08} = {972A567C-6C9A-452B-8250-64F5B1F81957}
		{972A567C-6C9A-452B-8250-64F5B1F81957} = {2E3B07A1-A0FB-4FBE-BA56-0E4F664B3081}
		{3818A4E1-C6B9-46A1-847E-CBE7671439AF} = {2E3B07A1-A0FB-4FBE-BA56-0E4F664B3081}
		{3827B1B7-6B80-49FD-87A0-B030BEFF8632} = {972A567C-6C9A-452B-8250-64F5B1F81957}
		{E5B15B20-E1D9-4071-AD73-BE93DE58E8B6} = {3818A4E1-C6B9-46A1-847E-CBE7671439AF}
		{919E06E8-CCFC-4C91-B78A-24DDAD74057C} = {3818A4E1-C6B9-46A1-847E-CBE7671439AF}
		{7DDBB898-61FA-488B-8A2E-1636D50A6095} = {972A567C-6C9A-452B-8250-64F5B1F81957}
		{919206F6-3A06-4A5D-9656-6EE9FE78AF45} = {3818A4E1-C6B9-46A1-847E-CBE7671439AF}
		{357A223E-FD9D-4CE3-A8D2-A0333BF79F10} = {2E3B07A1-A0FB-4FBE-BA56-0E4F664B3081}
		{0EC12FBC-FDD7-4AF5-BE77-7FB0927AD67C} = {357A223E-FD9D-4CE3-A8D2-A0333BF79F10}
	EndGlobalSection
	GlobalSection(ExtensibilityGlobals) = postSolution
		SolutionGuid = {8227C336-4C60-491C-8D29-3F30908097AD}
	EndGlobalSection
EndGlobal
